
Microsoft Visual Studio Solution File, Format Version 12.00
# Visual Studio 14
VisualStudioVersion = 14.0.25123.0
MinimumVisualStudioVersion = 10.0.40219.1
Project("{FAE04EC0-301F-11D3-BF4B-00C04F79EFBC}") = "KosselCalibrator", "KosselCalibrator.csproj", "{055D26C6-0061-4065-9771-FABA6A5418AD}"
EndProject
Project("{FAE04EC0-301F-11D3-BF4B-00C04F79EFBC}") = "KosselCalibrator.Tests", "..\KosselCalibrator.Tests\KosselCalibrator.Tests.csproj", "{F1FD325A-D935-4B51-B9F5-D590F79A2FF3}"
EndProject
Global
	GlobalSection(SolutionConfigurationPlatforms) = preSolution
		Debug|Any CPU = Debug|Any CPU
		Release|Any CPU = Release|Any CPU
	EndGlobalSection
	GlobalSection(ProjectConfigurationPlatforms) = postSolution
		{055D26C6-0061-4065-9771-FABA6A5418AD}.Debug|Any CPU.ActiveCfg = Debug|Any CPU
		{055D26C6-0061-4065-9771-FABA6A5418AD}.Debug|Any CPU.Build.0 = Debug|Any CPU
		{055D26C6-0061-4065-9771-FABA6A5418AD}.Release|Any CPU.ActiveCfg = Release|Any CPU
		{055D26C6-0061-4065-9771-FABA6A5418AD}.Release|Any CPU.Build.0 = Release|Any CPU
		{F1FD325A-D935-4B51-B9F5-D590F79A2FF3}.Debug|Any CPU.ActiveCfg = Debug|Any CPU
		{F1FD325A-D935-4B51-B9F5-D590F79A2FF3}.Debug|Any CPU.Build.0 = Debug|Any CPU
		{F1FD325A-D935-4B51-B9F5-D590F79A2FF3}.Release|Any CPU.ActiveCfg = Release|Any CPU
		{F1FD325A-D935-4B51-B9F5-D590F79A2FF3}.Release|Any CPU.Build.0 = Release|Any CPU
	EndGlobalSection
	GlobalSection(SolutionProperties) = preSolution
		HideSolutionNode = FALSE
	EndGlobalSection
EndGlobal
